// !$*UTF8*$!
{
	archiveVersion = 1;
	classes = {
	};
	objectVersion = 46;
	objects = {

/* Begin PBXBuildFile section */
		5958E7FF1DD4855300970C4C /* User.swift in Sources */ = {isa = PBXBuildFile; fileRef = 5958E7FE1DD4855300970C4C /* User.swift */; };
		5958E8011DD4855800970C4C /* Post.swift in Sources */ = {isa = PBXBuildFile; fileRef = 5958E8001DD4855800970C4C /* Post.swift */; };
		5958E8031DD4856000970C4C /* Comment.swift in Sources */ = {isa = PBXBuildFile; fileRef = 5958E8021DD4856000970C4C /* Comment.swift */; };
		AE4897BF1DD47E1C00A978A0 /* AppDelegate.swift in Sources */ = {isa = PBXBuildFile; fileRef = AE4897BE1DD47E1C00A978A0 /* AppDelegate.swift */; };
		AE4897C11DD47E1C00A978A0 /* ViewController.swift in Sources */ = {isa = PBXBuildFile; fileRef = AE4897C01DD47E1C00A978A0 /* ViewController.swift */; };
		AE4897C41DD47E1C00A978A0 /* Main.storyboard in Resources */ = {isa = PBXBuildFile; fileRef = AE4897C21DD47E1C00A978A0 /* Main.storyboard */; };
		AE4897C61DD47E1C00A978A0 /* Assets.xcassets in Resources */ = {isa = PBXBuildFile; fileRef = AE4897C51DD47E1C00A978A0 /* Assets.xcassets */; };
		AE4897C91DD47E1C00A978A0 /* LaunchScreen.storyboard in Resources */ = {isa = PBXBuildFile; fileRef = AE4897C71DD47E1C00A978A0 /* LaunchScreen.storyboard */; };
		AE4897D41DD47E1C00A978A0 /* SwiftAlpsClientTests.swift in Sources */ = {isa = PBXBuildFile; fileRef = AE4897D31DD47E1C00A978A0 /* SwiftAlpsClientTests.swift */; };
		AE4897E01DD47E5300A978A0 /* PerfectLib.framework in Frameworks */ = {isa = PBXBuildFile; fileRef = AE4897DF1DD47E5300A978A0 /* PerfectLib.framework */; };
/* End PBXBuildFile section */

/* Begin PBXContainerItemProxy section */
		AE4897D01DD47E1C00A978A0 /* PBXContainerItemProxy */ = {
			isa = PBXContainerItemProxy;
			containerPortal = AE4897B31DD47E1C00A978A0 /* Project object */;
			proxyType = 1;
			remoteGlobalIDString = AE4897BA1DD47E1C00A978A0;
			remoteInfo = SwiftAlpsClient;
		};
/* End PBXContainerItemProxy section */

/* Begin PBXFileReference section */
		5958E7FE1DD4855300970C4C /* User.swift */ = {isa = PBXFileReference; fileEncoding = 4; lastKnownFileType = sourcecode.swift; path = User.swift; sourceTree = "<group>"; };
		5958E8001DD4855800970C4C /* Post.swift */ = {isa = PBXFileReference; fileEncoding = 4; lastKnownFileType = sourcecode.swift; path = Post.swift; sourceTree = "<group>"; };
		5958E8021DD4856000970C4C /* Comment.swift */ = {isa = PBXFileReference; fileEncoding = 4; lastKnownFileType = sourcecode.swift; path = Comment.swift; sourceTree = "<group>"; };
		AE4897BB1DD47E1C00A978A0 /* SwiftAlpsClient.app */ = {isa = PBXFileReference; explicitFileType = wrapper.application; includeInIndex = 0; path = SwiftAlpsClient.app; sourceTree = BUILT_PRODUCTS_DIR; };
		AE4897BE1DD47E1C00A978A0 /* AppDelegate.swift */ = {isa = PBXFileReference; lastKnownFileType = sourcecode.swift; path = AppDelegate.swift; sourceTree = "<group>"; };
		AE4897C01DD47E1C00A978A0 /* ViewController.swift */ = {isa = PBXFileReference; lastKnownFileType = sourcecode.swift; path = ViewController.swift; sourceTree = "<group>"; };
		AE4897C31DD47E1C00A978A0 /* Base */ = {isa = PBXFileReference; lastKnownFileType = file.storyboard; name = Base; path = Base.lproj/Main.storyboard; sourceTree = "<group>"; };
		AE4897C51DD47E1C00A978A0 /* Assets.xcassets */ = {isa = PBXFileReference; lastKnownFileType = folder.assetcatalog; path = Assets.xcassets; sourceTree = "<group>"; };
		AE4897C81DD47E1C00A978A0 /* Base */ = {isa = PBXFileReference; lastKnownFileType = file.storyboard; name = Base; path = Base.lproj/LaunchScreen.storyboard; sourceTree = "<group>"; };
		AE4897CA1DD47E1C00A978A0 /* Info.plist */ = {isa = PBXFileReference; lastKnownFileType = text.plist.xml; path = Info.plist; sourceTree = "<group>"; };
		AE4897CF1DD47E1C00A978A0 /* SwiftAlpsClientTests.xctest */ = {isa = PBXFileReference; explicitFileType = wrapper.cfbundle; includeInIndex = 0; path = SwiftAlpsClientTests.xctest; sourceTree = BUILT_PRODUCTS_DIR; };
		AE4897D31DD47E1C00A978A0 /* SwiftAlpsClientTests.swift */ = {isa = PBXFileReference; lastKnownFileType = sourcecode.swift; path = SwiftAlpsClientTests.swift; sourceTree = "<group>"; };
		AE4897D51DD47E1C00A978A0 /* Info.plist */ = {isa = PBXFileReference; lastKnownFileType = text.plist.xml; path = Info.plist; sourceTree = "<group>"; };
		AE4897DF1DD47E5300A978A0 /* PerfectLib.framework */ = {isa = PBXFileReference; lastKnownFileType = wrapper.framework; name = PerfectLib.framework; path = "../../../../../Library/Developer/Xcode/DerivedData/Untitled-ekokqkvhpidsgjbmklajruxlwswn/Build/Products/Debug/PerfectLib.framework"; sourceTree = "<group>"; };
/* End PBXFileReference section */

/* Begin PBXFrameworksBuildPhase section */
		AE4897B81DD47E1C00A978A0 /* Frameworks */ = {
			isa = PBXFrameworksBuildPhase;
			buildActionMask = 2147483647;
			files = (
				AE4897E01DD47E5300A978A0 /* PerfectLib.framework in Frameworks */,
			);
			runOnlyForDeploymentPostprocessing = 0;
		};
		AE4897CC1DD47E1C00A978A0 /* Frameworks */ = {
			isa = PBXFrameworksBuildPhase;
			buildActionMask = 2147483647;
			files = (
			);
			runOnlyForDeploymentPostprocessing = 0;
		};
/* End PBXFrameworksBuildPhase section */

/* Begin PBXGroup section */
		5958E7FB1DD4850000970C4C /* Models */ = {
			isa = PBXGroup;
			children = (
				5958E7FE1DD4855300970C4C /* User.swift */,
				5958E8001DD4855800970C4C /* Post.swift */,
				5958E8021DD4856000970C4C /* Comment.swift */,
			);
			name = Models;
			path = SwiftAlpsClient/Models;
			sourceTree = "<group>";
		};
		5958E7FC1DD4850600970C4C /* ViewControllers */ = {
			isa = PBXGroup;
			children = (
			);
			name = ViewControllers;
			path = SwiftAlpsClient/ViewControllers;
			sourceTree = "<group>";
		};
		5958E7FD1DD4850D00970C4C /* Views */ = {
			isa = PBXGroup;
			children = (
			);
			name = Views;
			path = SwiftAlpsClient/Views;
			sourceTree = "<group>";
		};
		AE4897B21DD47E1C00A978A0 = {
			isa = PBXGroup;
			children = (
				5958E7FD1DD4850D00970C4C /* Views */,
				5958E7FC1DD4850600970C4C /* ViewControllers */,
				5958E7FB1DD4850000970C4C /* Models */,
				AE4897BD1DD47E1C00A978A0 /* SwiftAlpsClient */,
				AE4897D21DD47E1C00A978A0 /* SwiftAlpsClientTests */,
				AE4897BC1DD47E1C00A978A0 /* Products */,
				AE4897DE1DD47E5300A978A0 /* Frameworks */,
			);
			sourceTree = "<group>";
		};
		AE4897BC1DD47E1C00A978A0 /* Products */ = {
			isa = PBXGroup;
			children = (
				AE4897BB1DD47E1C00A978A0 /* SwiftAlpsClient.app */,
				AE4897CF1DD47E1C00A978A0 /* SwiftAlpsClientTests.xctest */,
			);
			name = Products;
			sourceTree = "<group>";
		};
		AE4897BD1DD47E1C00A978A0 /* SwiftAlpsClient */ = {
			isa = PBXGroup;
			children = (
				AE4897BE1DD47E1C00A978A0 /* AppDelegate.swift */,
				AE4897C01DD47E1C00A978A0 /* ViewController.swift */,
				AE4897C21DD47E1C00A978A0 /* Main.storyboard */,
				AE4897C51DD47E1C00A978A0 /* Assets.xcassets */,
				AE4897C71DD47E1C00A978A0 /* LaunchScreen.storyboard */,
				AE4897CA1DD47E1C00A978A0 /* Info.plist */,
			);
			path = SwiftAlpsClient;
			sourceTree = "<group>";
		};
		AE4897D21DD47E1C00A978A0 /* SwiftAlpsClientTests */ = {
			isa = PBXGroup;
			children = (
				AE4897D31DD47E1C00A978A0 /* SwiftAlpsClientTests.swift */,
				AE4897D51DD47E1C00A978A0 /* Info.plist */,
			);
			path = SwiftAlpsClientTests;
			sourceTree = "<group>";
		};
		AE4897DE1DD47E5300A978A0 /* Frameworks */ = {
			isa = PBXGroup;
			children = (
				AE4897DF1DD47E5300A978A0 /* PerfectLib.framework */,
			);
			name = Frameworks;
			sourceTree = "<group>";
		};
/* End PBXGroup section */

/* Begin PBXNativeTarget section */
		AE4897BA1DD47E1C00A978A0 /* SwiftAlpsClient */ = {
			isa = PBXNativeTarget;
			buildConfigurationList = AE4897D81DD47E1C00A978A0 /* Build configuration list for PBXNativeTarget "SwiftAlpsClient" */;
			buildPhases = (
				AE4897B71DD47E1C00A978A0 /* Sources */,
				AE4897B81DD47E1C00A978A0 /* Frameworks */,
				AE4897B91DD47E1C00A978A0 /* Resources */,
			);
			buildRules = (
			);
			dependencies = (
			);
			name = SwiftAlpsClient;
			productName = SwiftAlpsClient;
			productReference = AE4897BB1DD47E1C00A978A0 /* SwiftAlpsClient.app */;
			productType = "com.apple.product-type.application";
		};
		AE4897CE1DD47E1C00A978A0 /* SwiftAlpsClientTests */ = {
			isa = PBXNativeTarget;
			buildConfigurationList = AE4897DB1DD47E1C00A978A0 /* Build configuration list for PBXNativeTarget "SwiftAlpsClientTests" */;
			buildPhases = (
				AE4897CB1DD47E1C00A978A0 /* Sources */,
				AE4897CC1DD47E1C00A978A0 /* Frameworks */,
				AE4897CD1DD47E1C00A978A0 /* Resources */,
			);
			buildRules = (
			);
			dependencies = (
				AE4897D11DD47E1C00A978A0 /* PBXTargetDependency */,
			);
			name = SwiftAlpsClientTests;
			productName = SwiftAlpsClientTests;
			productReference = AE4897CF1DD47E1C00A978A0 /* SwiftAlpsClientTests.xctest */;
			productType = "com.apple.product-type.bundle.unit-test";
		};
/* End PBXNativeTarget section */

/* Begin PBXProject section */
		AE4897B31DD47E1C00A978A0 /* Project object */ = {
			isa = PBXProject;
			attributes = {
				LastSwiftUpdateCheck = 0810;
				LastUpgradeCheck = 0810;
				ORGANIZATIONNAME = Badoo;
				TargetAttributes = {
					AE4897BA1DD47E1C00A978A0 = {
						CreatedOnToolsVersion = 8.1;
						ProvisioningStyle = Automatic;
					};
					AE4897CE1DD47E1C00A978A0 = {
						CreatedOnToolsVersion = 8.1;
						ProvisioningStyle = Automatic;
						TestTargetID = AE4897BA1DD47E1C00A978A0;
					};
				};
			};
			buildConfigurationList = AE4897B61DD47E1C00A978A0 /* Build configuration list for PBXProject "SwiftAlpsClient" */;
			compatibilityVersion = "Xcode 3.2";
			developmentRegion = English;
			hasScannedForEncodings = 0;
			knownRegions = (
				en,
				Base,
			);
			mainGroup = AE4897B21DD47E1C00A978A0;
			productRefGroup = AE4897BC1DD47E1C00A978A0 /* Products */;
			projectDirPath = "";
			projectRoot = "";
			targets = (
				AE4897BA1DD47E1C00A978A0 /* SwiftAlpsClient */,
				AE4897CE1DD47E1C00A978A0 /* SwiftAlpsClientTests */,
			);
		};
/* End PBXProject section */

/* Begin PBXResourcesBuildPhase section */
		AE4897B91DD47E1C00A978A0 /* Resources */ = {
			isa = PBXResourcesBuildPhase;
			buildActionMask = 2147483647;
			files = (
				AE4897C91DD47E1C00A978A0 /* LaunchScreen.storyboard in Resources */,
				AE4897C61DD47E1C00A978A0 /* Assets.xcassets in Resources */,
				AE4897C41DD47E1C00A978A0 /* Main.storyboard in Resources */,
			);
			runOnlyForDeploymentPostprocessing = 0;
		};
		AE4897CD1DD47E1C00A978A0 /* Resources */ = {
			isa = PBXResourcesBuildPhase;
			buildActionMask = 2147483647;
			files = (
			);
			runOnlyForDeploymentPostprocessing = 0;
		};
/* End PBXResourcesBuildPhase section */

/* Begin PBXSourcesBuildPhase section */
		AE4897B71DD47E1C00A978A0 /* Sources */ = {
			isa = PBXSourcesBuildPhase;
			buildActionMask = 2147483647;
			files = (
				5958E8031DD4856000970C4C /* Comment.swift in Sources */,
				AE4897C11DD47E1C00A978A0 /* ViewController.swift in Sources */,
				AE4897BF1DD47E1C00A978A0 /* AppDelegate.swift in Sources */,
				5958E7FF1DD4855300970C4C /* User.swift in Sources */,
				5958E8011DD4855800970C4C /* Post.swift in Sources */,
			);
			runOnlyForDeploymentPostprocessing = 0;
		};
		AE4897CB1DD47E1C00A978A0 /* Sources */ = {
			isa = PBXSourcesBuildPhase;
			buildActionMask = 2147483647;
			files = (
				AE4897D41DD47E1C00A978A0 /* SwiftAlpsClientTests.swift in Sources */,
			);
			runOnlyForDeploymentPostprocessing = 0;
		};
/* End PBXSourcesBuildPhase section */

/* Begin PBXTargetDependency section */
		AE4897D11DD47E1C00A978A0 /* PBXTargetDependency */ = {
			isa = PBXTargetDependency;
			target = AE4897BA1DD47E1C00A978A0 /* SwiftAlpsClient */;
			targetProxy = AE4897D01DD47E1C00A978A0 /* PBXContainerItemProxy */;
		};
/* End PBXTargetDependency section */

/* Begin PBXVariantGroup section */
		AE4897C21DD47E1C00A978A0 /* Main.storyboard */ = {
			isa = PBXVariantGroup;
			children = (
				AE4897C31DD47E1C00A978A0 /* Base */,
			);
			name = Main.storyboard;
			sourceTree = "<group>";
		};
		AE4897C71DD47E1C00A978A0 /* LaunchScreen.storyboard */ = {
			isa = PBXVariantGroup;
			children = (
				AE4897C81DD47E1C00A978A0 /* Base */,
			);
			name = LaunchScreen.storyboard;
			sourceTree = "<group>";
		};
/* End PBXVariantGroup section */

/* Begin XCBuildConfiguration section */
		AE4897D61DD47E1C00A978A0 /* Debug */ = {
			isa = XCBuildConfiguration;
			buildSettings = {
				ALWAYS_SEARCH_USER_PATHS = NO;
				CLANG_ANALYZER_NONNULL = YES;
				CLANG_CXX_LANGUAGE_STANDARD = "gnu++0x";
				CLANG_CXX_LIBRARY = "libc++";
				CLANG_ENABLE_MODULES = YES;
				CLANG_ENABLE_OBJC_ARC = YES;
				CLANG_WARN_BOOL_CONVERSION = YES;
				CLANG_WARN_CONSTANT_CONVERSION = YES;
				CLANG_WARN_DIRECT_OBJC_ISA_USAGE = YES_ERROR;
				CLANG_WARN_DOCUMENTATION_COMMENTS = YES;
				CLANG_WARN_EMPTY_BODY = YES;
				CLANG_WARN_ENUM_CONVERSION = YES;
				CLANG_WARN_INFINITE_RECURSION = YES;
				CLANG_WARN_INT_CONVERSION = YES;
				CLANG_WARN_OBJC_ROOT_CLASS = YES_ERROR;
				CLANG_WARN_SUSPICIOUS_MOVES = YES;
				CLANG_WARN_UNREACHABLE_CODE = YES;
				CLANG_WARN__DUPLICATE_METHOD_MATCH = YES;
				"CODE_SIGN_IDENTITY[sdk=iphoneos*]" = "iPhone Developer";
				COPY_PHASE_STRIP = NO;
				DEBUG_INFORMATION_FORMAT = dwarf;
				ENABLE_STRICT_OBJC_MSGSEND = YES;
				ENABLE_TESTABILITY = YES;
				GCC_C_LANGUAGE_STANDARD = gnu99;
				GCC_DYNAMIC_NO_PIC = NO;
				GCC_NO_COMMON_BLOCKS = YES;
				GCC_OPTIMIZATION_LEVEL = 0;
				GCC_PREPROCESSOR_DEFINITIONS = (
					"DEBUG=1",
					"$(inherited)",
				);
				GCC_WARN_64_TO_32_BIT_CONVERSION = YES;
				GCC_WARN_ABOUT_RETURN_TYPE = YES_ERROR;
				GCC_WARN_UNDECLARED_SELECTOR = YES;
				GCC_WARN_UNINITIALIZED_AUTOS = YES_AGGRESSIVE;
				GCC_WARN_UNUSED_FUNCTION = YES;
				GCC_WARN_UNUSED_VARIABLE = YES;
				IPHONEOS_DEPLOYMENT_TARGET = 10.1;
				MTL_ENABLE_DEBUG_INFO = YES;
				ONLY_ACTIVE_ARCH = YES;
				SDKROOT = iphoneos;
				SWIFT_ACTIVE_COMPILATION_CONDITIONS = DEBUG;
				SWIFT_OPTIMIZATION_LEVEL = "-Onone";
			};
			name = Debug;
		};
		AE4897D71DD47E1C00A978A0 /* Release */ = {
			isa = XCBuildConfiguration;
			buildSettings = {
				ALWAYS_SEARCH_USER_PATHS = NO;
				CLANG_ANALYZER_NONNULL = YES;
				CLANG_CXX_LANGUAGE_STANDARD = "gnu++0x";
				CLANG_CXX_LIBRARY = "libc++";
				CLANG_ENABLE_MODULES = YES;
				CLANG_ENABLE_OBJC_ARC = YES;
				CLANG_WARN_BOOL_CONVERSION = YES;
				CLANG_WARN_CONSTANT_CONVERSION = YES;
				CLANG_WARN_DIRECT_OBJC_ISA_USAGE = YES_ERROR;
				CLANG_WARN_DOCUMENTATION_COMMENTS = YES;
				CLANG_WARN_EMPTY_BODY = YES;
				CLANG_WARN_ENUM_CONVERSION = YES;
				CLANG_WARN_INFINITE_RECURSION = YES;
				CLANG_WARN_INT_CONVERSION = YES;
				CLANG_WARN_OBJC_ROOT_CLASS = YES_ERROR;
				CLANG_WARN_SUSPICIOUS_MOVES = YES;
				CLANG_WARN_UNREACHABLE_CODE = YES;
				CLANG_WARN__DUPLICATE_METHOD_MATCH = YES;
				"CODE_SIGN_IDENTITY[sdk=iphoneos*]" = "iPhone Developer";
				COPY_PHASE_STRIP = NO;
				DEBUG_INFORMATION_FORMAT = "dwarf-with-dsym";
				ENABLE_NS_ASSERTIONS = NO;
				ENABLE_STRICT_OBJC_MSGSEND = YES;
				GCC_C_LANGUAGE_STANDARD = gnu99;
				GCC_NO_COMMON_BLOCKS = YES;
				GCC_WARN_64_TO_32_BIT_CONVERSION = YES;
				GCC_WARN_ABOUT_RETURN_TYPE = YES_ERROR;
				GCC_WARN_UNDECLARED_SELECTOR = YES;
				GCC_WARN_UNINITIALIZED_AUTOS = YES_AGGRESSIVE;
				GCC_WARN_UNUSED_FUNCTION = YES;
				GCC_WARN_UNUSED_VARIABLE = YES;
				IPHONEOS_DEPLOYMENT_TARGET = 10.1;
				MTL_ENABLE_DEBUG_INFO = NO;
				SDKROOT = iphoneos;
				SWIFT_OPTIMIZATION_LEVEL = "-Owholemodule";
				VALIDATE_PRODUCT = YES;
			};
			name = Release;
		};
		AE4897D91DD47E1C00A978A0 /* Debug */ = {
			isa = XCBuildConfiguration;
			buildSettings = {
				ASSETCATALOG_COMPILER_APPICON_NAME = AppIcon;
				INFOPLIST_FILE = SwiftAlpsClient/Info.plist;
				LD_RUNPATH_SEARCH_PATHS = "$(inherited) @executable_path/Frameworks";
				PRODUCT_BUNDLE_IDENTIFIER = tst.SwiftAlpsClient;
				PRODUCT_NAME = "$(TARGET_NAME)";
				SWIFT_VERSION = 3.0;
			};
			name = Debug;
		};
		AE4897DA1DD47E1C00A978A0 /* Release */ = {
			isa = XCBuildConfiguration;
			buildSettings = {
				ASSETCATALOG_COMPILER_APPICON_NAME = AppIcon;
				INFOPLIST_FILE = SwiftAlpsClient/Info.plist;
				LD_RUNPATH_SEARCH_PATHS = "$(inherited) @executable_path/Frameworks";
				PRODUCT_BUNDLE_IDENTIFIER = tst.SwiftAlpsClient;
				PRODUCT_NAME = "$(TARGET_NAME)";
				SWIFT_VERSION = 3.0;
			};
			name = Release;
		};
		AE4897DC1DD47E1C00A978A0 /* Debug */ = {
			isa = XCBuildConfiguration;
			buildSettings = {
				ALWAYS_EMBED_SWIFT_STANDARD_LIBRARIES = YES;
				BUNDLE_LOADER = "$(TEST_HOST)";
				INFOPLIST_FILE = SwiftAlpsClientTests/Info.plist;
				LD_RUNPATH_SEARCH_PATHS = "$(inherited) @executable_path/Frameworks @loader_path/Frameworks";
				PRODUCT_BUNDLE_IDENTIFIER = tst.SwiftAlpsClientTests;
				PRODUCT_NAME = "$(TARGET_NAME)";
				SWIFT_VERSION = 3.0;
				TEST_HOST = "$(BUILT_PRODUCTS_DIR)/SwiftAlpsClient.app/SwiftAlpsClient";
			};
			name = Debug;
		};
		AE4897DD1DD47E1C00A978A0 /* Release */ = {
			isa = XCBuildConfiguration;
			buildSettings = {
				ALWAYS_EMBED_SWIFT_STANDARD_LIBRARIES = YES;
				BUNDLE_LOADER = "$(TEST_HOST)";
				INFOPLIST_FILE = SwiftAlpsClientTests/Info.plist;
				LD_RUNPATH_SEARCH_PATHS = "$(inherited) @executable_path/Frameworks @loader_path/Frameworks";
				PRODUCT_BUNDLE_IDENTIFIER = tst.SwiftAlpsClientTests;
				PRODUCT_NAME = "$(TARGET_NAME)";
				SWIFT_VERSION = 3.0;
				TEST_HOST = "$(BUILT_PRODUCTS_DIR)/SwiftAlpsClient.app/SwiftAlpsClient";
			};
			name = Release;
		};
/* End XCBuildConfiguration section */

/* Begin XCConfigurationList section */
		AE4897B61DD47E1C00A978A0 /* Build configuration list for PBXProject "SwiftAlpsClient" */ = {
			isa = XCConfigurationList;
			buildConfigurations = (
				AE4897D61DD47E1C00A978A0 /* Debug */,
				AE4897D71DD47E1C00A978A0 /* Release */,
			);
			defaultConfigurationIsVisible = 0;
			defaultConfigurationName = Release;
		};
		AE4897D81DD47E1C00A978A0 /* Build configuration list for PBXNativeTarget "SwiftAlpsClient" */ = {
			isa = XCConfigurationList;
			buildConfigurations = (
				AE4897D91DD47E1C00A978A0 /* Debug */,
				AE4897DA1DD47E1C00A978A0 /* Release */,
			);
			defaultConfigurationIsVisible = 0;
			defaultConfigurationName = Release;
		};
		AE4897DB1DD47E1C00A978A0 /* Build configuration list for PBXNativeTarget "SwiftAlpsClientTests" */ = {
			isa = XCConfigurationList;
			buildConfigurations = (
				AE4897DC1DD47E1C00A978A0 /* Debug */,
				AE4897DD1DD47E1C00A978A0 /* Release */,
			);
			defaultConfigurationIsVisible = 0;
			defaultConfigurationName = Release;
		};
/* End XCConfigurationList section */
	};
	rootObject = AE4897B31DD47E1C00A978A0 /* Project object */;
}
